
Microsoft Visual Studio Solution File, Format Version 12.00
# Visual Studio 15
VisualStudioVersion = 15.0.28307.271
MinimumVisualStudioVersion = 10.0.40219.1
Project("{FAE04EC0-301F-11D3-BF4B-00C04F79EFBC}") = "WebEcomics", "WebEcomics\WebEcomics.csproj", "{6783892E-E0E7-4B21-B168-D8062ADB5504}"
EndProject
Global
	GlobalSection(SolutionConfigurationPlatforms) = preSolution
		Debug|Any CPU = Debug|Any CPU
		Release|Any CPU = Release|Any CPU
	EndGlobalSection
	GlobalSection(ProjectConfigurationPlatforms) = postSolution
		{6783892E-E0E7-4B21-B168-D8062ADB5504}.Debug|Any CPU.ActiveCfg = Debug|Any CPU
		{6783892E-E0E7-4B21-B168-D8062ADB5504}.Debug|Any CPU.Build.0 = Debug|Any CPU
		{6783892E-E0E7-4B21-B168-D8062ADB5504}.Release|Any CPU.ActiveCfg = Release|Any CPU
		{6783892E-E0E7-4B21-B168-D8062ADB5504}.Release|Any CPU.Build.0 = Release|Any CPU
	EndGlobalSection
	GlobalSection(SolutionProperties) = preSolution
		HideSolutionNode = FALSE
	EndGlobalSection
	GlobalSection(ExtensibilityGlobals) = postSolution
		SolutionGuid = {5A72800F-8FF6-407B-9624-730B38B3FB2A}
	EndGlobalSection
EndGlobal
